
Microsoft Visual Studio Solution File, Format Version 12.00
# Visual Studio Version 16
VisualStudioVersion = 16.0.32228.343
MinimumVisualStudioVersion = 10.0.40219.1
Project("{FAE04EC0-301F-11D3-BF4B-00C04F79EFBC}") = "01.Even_Lines", "01.Even_Lines\01.Even_Lines.csproj", "{661562E3-3C74-4E2B-A828-68DFE095F266}"
EndProject
Project("{FAE04EC0-301F-11D3-BF4B-00C04F79EFBC}") = "02.Line_Numbers", "02.Line_Numbers\02.Line_Numbers.csproj", "{BA1E733D-54E0-44AC-BDAD-A185572F233D}"
EndProject
Project("{FAE04EC0-301F-11D3-BF4B-00C04F79EFBC}") = "03.Copy_Binary_File", "03.Copy_Binary_File\03.Copy_Binary_File.csproj", "{D6B584A1-3F43-496D-98E6-BBB4A1E1676C}"
EndProject
Global
	GlobalSection(SolutionConfigurationPlatforms) = preSolution
		Debug|Any CPU = Debug|Any CPU
		Release|Any CPU = Release|Any CPU
	EndGlobalSection
	GlobalSection(ProjectConfigurationPlatforms) = postSolution
		{661562E3-3C74-4E2B-A828-68DFE095F266}.Debug|Any CPU.ActiveCfg = Debug|Any CPU
		{661562E3-3C74-4E2B-A828-68DFE095F266}.Debug|Any CPU.Build.0 = Debug|Any CPU
		{661562E3-3C74-4E2B-A828-68DFE095F266}.Release|Any CPU.ActiveCfg = Release|Any CPU
		{661562E3-3C74-4E2B-A828-68DFE095F266}.Release|Any CPU.Build.0 = Release|Any CPU
		{BA1E733D-54E0-44AC-BDAD-A185572F233D}.Debug|Any CPU.ActiveCfg = Debug|Any CPU
		{BA1E733D-54E0-44AC-BDAD-A185572F233D}.Debug|Any CPU.Build.0 = Debug|Any CPU
		{BA1E733D-54E0-44AC-BDAD-A185572F233D}.Release|Any CPU.ActiveCfg = Release|Any CPU
		{BA1E733D-54E0-44AC-BDAD-A185572F233D}.Release|Any CPU.Build.0 = Release|Any CPU
		{D6B584A1-3F43-496D-98E6-BBB4A1E1676C}.Debug|Any CPU.ActiveCfg = Debug|Any CPU
		{D6B584A1-3F43-496D-98E6-BBB4A1E1676C}.Debug|Any CPU.Build.0 = Debug|Any CPU
		{D6B584A1-3F43-496D-98E6-BBB4A1E1676C}.Release|Any CPU.ActiveCfg = Release|Any CPU
		{D6B584A1-3F43-496D-98E6-BBB4A1E1676C}.Release|Any CPU.Build.0 = Release|Any CPU
	EndGlobalSection
	GlobalSection(SolutionProperties) = preSolution
		HideSolutionNode = FALSE
	EndGlobalSection
	GlobalSection(ExtensibilityGlobals) = postSolution
		SolutionGuid = {35870BD0-A40F-4A9B-9D79-A790012D5180}
	EndGlobalSection
EndGlobal
